
Microsoft Visual Studio Solution File, Format Version 12.00
# Visual Studio 15
VisualStudioVersion = 15.0.28307.645
MinimumVisualStudioVersion = 10.0.40219.1
Project("{8BC9CEB8-8B4A-11D0-8D11-00A0C91BC942}") = "2dSfmlGame", "2dSfmlGame\2dSfmlGame.vcxproj", "{335FB9BF-A117-412B-AE70-B41446E7B871}"
EndProject
Global
	GlobalSection(SolutionConfigurationPlatforms) = preSolution
		Debug|x64 = Debug|x64
		Debug|x86 = Debug|x86
		Release|x64 = Release|x64
		Release|x86 = Release|x86
	EndGlobalSection
	GlobalSection(ProjectConfigurationPlatforms) = postSolution
		{335FB9BF-A117-412B-AE70-B41446E7B871}.Debug|x64.ActiveCfg = Debug|x64
		{335FB9BF-A117-412B-AE70-B41446E7B871}.Debug|x64.Build.0 = Debug|x64
		{335FB9BF-A117-412B-AE70-B41446E7B871}.Debug|x86.ActiveCfg = Debug|Win32
		{335FB9BF-A117-412B-AE70-B41446E7B871}.Debug|x86.Build.0 = Debug|Win32
		{335FB9BF-A117-412B-AE70-B41446E7B871}.Release|x64.ActiveCfg = Release|x64
		{335FB9BF-A117-412B-AE70-B41446E7B871}.Release|x64.Build.0 = Release|x64
		{335FB9BF-A117-412B-AE70-B41446E7B871}.Release|x86.ActiveCfg = Release|Win32
		{335FB9BF-A117-412B-AE70-B41446E7B871}.Release|x86.Build.0 = Release|Win32
	EndGlobalSection
	GlobalSection(SolutionProperties) = preSolution
		HideSolutionNode = FALSE
	EndGlobalSection
	GlobalSection(ExtensibilityGlobals) = postSolution
		SolutionGuid = {DF7F7EED-B89B-4EBC-B17A-522BC706A572}
	EndGlobalSection
EndGlobal
